
Microsoft Visual Studio Solution File, Format Version 12.00
# Visual Studio Version 17
VisualStudioVersion = 17.0.31710.8
MinimumVisualStudioVersion = 10.0.40219.1
Project("{9A19103F-16F7-4668-BE54-9A1E7A4F7556}") = "MathThinking", "MathThinking\MathThinking.csproj", "{1729D078-0A74-48B9-B25C-1650B49641EA}"
EndProject
Project("{9A19103F-16F7-4668-BE54-9A1E7A4F7556}") = "Task1", "Task1\Task1.csproj", "{36DF5CAE-2A80-4D9E-8F0A-46559BCFCF71}"
EndProject
Project("{9A19103F-16F7-4668-BE54-9A1E7A4F7556}") = "Task2", "Task2\Task2.csproj", "{8C9942BE-6588-4D24-A1F4-7EC64ADA2E92}"
EndProject
Project("{9A19103F-16F7-4668-BE54-9A1E7A4F7556}") = "Task3", "Task3\Task3.csproj", "{C196F919-1D36-46CF-A501-932D37DF09C8}"
EndProject
Project("{9A19103F-16F7-4668-BE54-9A1E7A4F7556}") = "Benchmark", "Benchmark\Benchmark.csproj", "{4ADCEE74-2941-4CE8-9347-A91A08ED5717}"
EndProject
Project("{9A19103F-16F7-4668-BE54-9A1E7A4F7556}") = "Task4", "Task4\Task4.csproj", "{3E2395DB-454F-454F-A83E-04C763D31380}"
EndProject
Project("{2150E333-8FDC-42A3-9474-1A3956D46DE8}") = "Task5", "Task5", "{E6BF92CE-B274-4A2D-9418-F43288716465}"
EndProject
Project("{2150E333-8FDC-42A3-9474-1A3956D46DE8}") = "Task1", "Task1", "{8520A798-28BD-4E9E-9909-AFA93F12967D}"
EndProject
Project("{2150E333-8FDC-42A3-9474-1A3956D46DE8}") = "Task2", "Task2", "{F52857F1-D37E-4865-A776-8EC267CA6662}"
EndProject
Project("{2150E333-8FDC-42A3-9474-1A3956D46DE8}") = "Task3", "Task3", "{83C49B59-5077-4A23-B889-32001713FED3}"
EndProject
Project("{2150E333-8FDC-42A3-9474-1A3956D46DE8}") = "Task4", "Task4", "{9D0CD4CC-DC0A-4512-BEDD-813702E7A090}"
EndProject
Project("{2150E333-8FDC-42A3-9474-1A3956D46DE8}") = "BreakfastTaskGenerator", "BreakfastTaskGenerator", "{743349D5-4908-48B6-AEDB-CA660A511EC4}"
EndProject
Project("{9A19103F-16F7-4668-BE54-9A1E7A4F7556}") = "BreakfastTaskGenerator", "Task5\BreakfastTaskGenerator\BreakfastTaskGenerator\BreakfastTaskGenerator.csproj", "{124AE92D-6EA7-4B90-AEA8-870571CC25E7}"
EndProject
Project("{9A19103F-16F7-4668-BE54-9A1E7A4F7556}") = "BreakfastTaskGenerator.Tests", "Task5\BreakfastTaskGenerator\BreakfastTaskGenerator.Tests\BreakfastTaskGenerator.Tests.csproj", "{DAAA5F5F-972F-4EF9-88C3-845A03D90AF0}"
EndProject
Project("{2150E333-8FDC-42A3-9474-1A3956D46DE8}") = "BreakfastTaskSolver", "BreakfastTaskSolver", "{9E1AEB1A-572A-4092-8462-FAC5483FF0E8}"
EndProject
Project("{9A19103F-16F7-4668-BE54-9A1E7A4F7556}") = "BreakfastTaskSolver.Tests", "Task5\BreakfastTaskSolver\BreakfastTaskSolver.Tests\BreakfastTaskSolver.Tests.csproj", "{BED02958-6EB3-479D-8829-E39CC80DA226}"
EndProject
Project("{9A19103F-16F7-4668-BE54-9A1E7A4F7556}") = "Task5.Common", "Task5\Common\Task5.Common.csproj", "{3F6DA56B-1645-442F-9A39-BB176EA7CA89}"
EndProject
Project("{2150E333-8FDC-42A3-9474-1A3956D46DE8}") = "Common", "Common", "{219C14FD-6157-4CE5-B078-3CF2D04BD0C6}"
EndProject
Project("{9A19103F-16F7-4668-BE54-9A1E7A4F7556}") = "BreakfastTaskSolver", "BreakfastTaskSolver\BreakfastTaskSolver.csproj", "{5AC6BF0B-F422-42F2-A070-73DA1BC405ED}"
EndProject
Project("{FAE04EC0-301F-11D3-BF4B-00C04F79EFBC}") = "Task5", "Task5\Task5\Task5.csproj", "{BAEA34DB-F9D2-416A-98B9-3A5E208D7045}"
	ProjectSection(ProjectDependencies) = postProject
		{5AC6BF0B-F422-42F2-A070-73DA1BC405ED} = {5AC6BF0B-F422-42F2-A070-73DA1BC405ED}
		{124AE92D-6EA7-4B90-AEA8-870571CC25E7} = {124AE92D-6EA7-4B90-AEA8-870571CC25E7}
		{3F6DA56B-1645-442F-9A39-BB176EA7CA89} = {3F6DA56B-1645-442F-9A39-BB176EA7CA89}
	EndProjectSection
EndProject
Project("{2150E333-8FDC-42A3-9474-1A3956D46DE8}") = "CustomizableRandomizer", "CustomizableRandomizer", "{02A23F65-42D3-4BAA-9C44-D5A559DBA7A2}"
EndProject
Project("{FAE04EC0-301F-11D3-BF4B-00C04F79EFBC}") = "CustomizableRandomizer", "CustomizableRandomizer\CustomizableRandomizer.csproj", "{4D623ABE-ED18-48C0-8901-D1AE16B15AA3}"
EndProject
Global
	GlobalSection(SolutionConfigurationPlatforms) = preSolution
		Debug|Any CPU = Debug|Any CPU
		Release|Any CPU = Release|Any CPU
	EndGlobalSection
	GlobalSection(ProjectConfigurationPlatforms) = postSolution
		{1729D078-0A74-48B9-B25C-1650B49641EA}.Debug|Any CPU.ActiveCfg = Debug|Any CPU
		{1729D078-0A74-48B9-B25C-1650B49641EA}.Debug|Any CPU.Build.0 = Debug|Any CPU
		{1729D078-0A74-48B9-B25C-1650B49641EA}.Release|Any CPU.ActiveCfg = Release|Any CPU
		{1729D078-0A74-48B9-B25C-1650B49641EA}.Release|Any CPU.Build.0 = Release|Any CPU
		{36DF5CAE-2A80-4D9E-8F0A-46559BCFCF71}.Debug|Any CPU.ActiveCfg = Debug|Any CPU
		{36DF5CAE-2A80-4D9E-8F0A-46559BCFCF71}.Debug|Any CPU.Build.0 = Debug|Any CPU
		{36DF5CAE-2A80-4D9E-8F0A-46559BCFCF71}.Release|Any CPU.ActiveCfg = Release|Any CPU
		{36DF5CAE-2A80-4D9E-8F0A-46559BCFCF71}.Release|Any CPU.Build.0 = Release|Any CPU
		{8C9942BE-6588-4D24-A1F4-7EC64ADA2E92}.Debug|Any CPU.ActiveCfg = Debug|Any CPU
		{8C9942BE-6588-4D24-A1F4-7EC64ADA2E92}.Debug|Any CPU.Build.0 = Debug|Any CPU
		{8C9942BE-6588-4D24-A1F4-7EC64ADA2E92}.Release|Any CPU.ActiveCfg = Release|Any CPU
		{8C9942BE-6588-4D24-A1F4-7EC64ADA2E92}.Release|Any CPU.Build.0 = Release|Any CPU
		{C196F919-1D36-46CF-A501-932D37DF09C8}.Debug|Any CPU.ActiveCfg = Debug|Any CPU
		{C196F919-1D36-46CF-A501-932D37DF09C8}.Debug|Any CPU.Build.0 = Debug|Any CPU
		{C196F919-1D36-46CF-A501-932D37DF09C8}.Release|Any CPU.ActiveCfg = Release|Any CPU
		{C196F919-1D36-46CF-A501-932D37DF09C8}.Release|Any CPU.Build.0 = Release|Any CPU
		{4ADCEE74-2941-4CE8-9347-A91A08ED5717}.Debug|Any CPU.ActiveCfg = Debug|Any CPU
		{4ADCEE74-2941-4CE8-9347-A91A08ED5717}.Debug|Any CPU.Build.0 = Debug|Any CPU
		{4ADCEE74-2941-4CE8-9347-A91A08ED5717}.Release|Any CPU.ActiveCfg = Release|Any CPU
		{4ADCEE74-2941-4CE8-9347-A91A08ED5717}.Release|Any CPU.Build.0 = Release|Any CPU
		{3E2395DB-454F-454F-A83E-04C763D31380}.Debug|Any CPU.ActiveCfg = Debug|Any CPU
		{3E2395DB-454F-454F-A83E-04C763D31380}.Debug|Any CPU.Build.0 = Debug|Any CPU
		{3E2395DB-454F-454F-A83E-04C763D31380}.Release|Any CPU.ActiveCfg = Release|Any CPU
		{3E2395DB-454F-454F-A83E-04C763D31380}.Release|Any CPU.Build.0 = Release|Any CPU
		{124AE92D-6EA7-4B90-AEA8-870571CC25E7}.Debug|Any CPU.ActiveCfg = Debug|Any CPU
		{124AE92D-6EA7-4B90-AEA8-870571CC25E7}.Debug|Any CPU.Build.0 = Debug|Any CPU
		{124AE92D-6EA7-4B90-AEA8-870571CC25E7}.Release|Any CPU.ActiveCfg = Release|Any CPU
		{124AE92D-6EA7-4B90-AEA8-870571CC25E7}.Release|Any CPU.Build.0 = Release|Any CPU
		{DAAA5F5F-972F-4EF9-88C3-845A03D90AF0}.Debug|Any CPU.ActiveCfg = Debug|Any CPU
		{DAAA5F5F-972F-4EF9-88C3-845A03D90AF0}.Debug|Any CPU.Build.0 = Debug|Any CPU
		{DAAA5F5F-972F-4EF9-88C3-845A03D90AF0}.Release|Any CPU.ActiveCfg = Release|Any CPU
		{DAAA5F5F-972F-4EF9-88C3-845A03D90AF0}.Release|Any CPU.Build.0 = Release|Any CPU
		{BED02958-6EB3-479D-8829-E39CC80DA226}.Debug|Any CPU.ActiveCfg = Debug|Any CPU
		{BED02958-6EB3-479D-8829-E39CC80DA226}.Debug|Any CPU.Build.0 = Debug|Any CPU
		{BED02958-6EB3-479D-8829-E39CC80DA226}.Release|Any CPU.ActiveCfg = Release|Any CPU
		{BED02958-6EB3-479D-8829-E39CC80DA226}.Release|Any CPU.Build.0 = Release|Any CPU
		{3F6DA56B-1645-442F-9A39-BB176EA7CA89}.Debug|Any CPU.ActiveCfg = Debug|Any CPU
		{3F6DA56B-1645-442F-9A39-BB176EA7CA89}.Debug|Any CPU.Build.0 = Debug|Any CPU
		{3F6DA56B-1645-442F-9A39-BB176EA7CA89}.Release|Any CPU.ActiveCfg = Release|Any CPU
		{3F6DA56B-1645-442F-9A39-BB176EA7CA89}.Release|Any CPU.Build.0 = Release|Any CPU
		{5AC6BF0B-F422-42F2-A070-73DA1BC405ED}.Debug|Any CPU.ActiveCfg = Debug|Any CPU
		{5AC6BF0B-F422-42F2-A070-73DA1BC405ED}.Debug|Any CPU.Build.0 = Debug|Any CPU
		{5AC6BF0B-F422-42F2-A070-73DA1BC405ED}.Release|Any CPU.ActiveCfg = Release|Any CPU
		{5AC6BF0B-F422-42F2-A070-73DA1BC405ED}.Release|Any CPU.Build.0 = Release|Any CPU
		{BAEA34DB-F9D2-416A-98B9-3A5E208D7045}.Debug|Any CPU.ActiveCfg = Debug|Any CPU
		{BAEA34DB-F9D2-416A-98B9-3A5E208D7045}.Debug|Any CPU.Build.0 = Debug|Any CPU
		{BAEA34DB-F9D2-416A-98B9-3A5E208D7045}.Release|Any CPU.ActiveCfg = Release|Any CPU
		{BAEA34DB-F9D2-416A-98B9-3A5E208D7045}.Release|Any CPU.Build.0 = Release|Any CPU
		{4D623ABE-ED18-48C0-8901-D1AE16B15AA3}.Debug|Any CPU.ActiveCfg = Debug|Any CPU
		{4D623ABE-ED18-48C0-8901-D1AE16B15AA3}.Debug|Any CPU.Build.0 = Debug|Any CPU
		{4D623ABE-ED18-48C0-8901-D1AE16B15AA3}.Release|Any CPU.ActiveCfg = Release|Any CPU
		{4D623ABE-ED18-48C0-8901-D1AE16B15AA3}.Release|Any CPU.Build.0 = Release|Any CPU
	EndGlobalSection
	GlobalSection(SolutionProperties) = preSolution
		HideSolutionNode = FALSE
	EndGlobalSection
	GlobalSection(NestedProjects) = preSolution
		{36DF5CAE-2A80-4D9E-8F0A-46559BCFCF71} = {8520A798-28BD-4E9E-9909-AFA93F12967D}
		{8C9942BE-6588-4D24-A1F4-7EC64ADA2E92} = {F52857F1-D37E-4865-A776-8EC267CA6662}
		{C196F919-1D36-46CF-A501-932D37DF09C8} = {83C49B59-5077-4A23-B889-32001713FED3}
		{3E2395DB-454F-454F-A83E-04C763D31380} = {9D0CD4CC-DC0A-4512-BEDD-813702E7A090}
		{743349D5-4908-48B6-AEDB-CA660A511EC4} = {E6BF92CE-B274-4A2D-9418-F43288716465}
		{124AE92D-6EA7-4B90-AEA8-870571CC25E7} = {743349D5-4908-48B6-AEDB-CA660A511EC4}
		{DAAA5F5F-972F-4EF9-88C3-845A03D90AF0} = {743349D5-4908-48B6-AEDB-CA660A511EC4}
		{9E1AEB1A-572A-4092-8462-FAC5483FF0E8} = {E6BF92CE-B274-4A2D-9418-F43288716465}
		{BED02958-6EB3-479D-8829-E39CC80DA226} = {9E1AEB1A-572A-4092-8462-FAC5483FF0E8}
		{3F6DA56B-1645-442F-9A39-BB176EA7CA89} = {219C14FD-6157-4CE5-B078-3CF2D04BD0C6}
		{219C14FD-6157-4CE5-B078-3CF2D04BD0C6} = {E6BF92CE-B274-4A2D-9418-F43288716465}
		{5AC6BF0B-F422-42F2-A070-73DA1BC405ED} = {9E1AEB1A-572A-4092-8462-FAC5483FF0E8}
		{BAEA34DB-F9D2-416A-98B9-3A5E208D7045} = {E6BF92CE-B274-4A2D-9418-F43288716465}
		{02A23F65-42D3-4BAA-9C44-D5A559DBA7A2} = {E6BF92CE-B274-4A2D-9418-F43288716465}
		{4D623ABE-ED18-48C0-8901-D1AE16B15AA3} = {02A23F65-42D3-4BAA-9C44-D5A559DBA7A2}
	EndGlobalSection
	GlobalSection(ExtensibilityGlobals) = postSolution
		SolutionGuid = {C20DFEA0-711B-48CC-8EFC-106981DF29A9}
	EndGlobalSection
EndGlobal
