
Microsoft Visual Studio Solution File, Format Version 12.00
# Visual Studio Version 17
VisualStudioVersion = 17.0.31710.8
MinimumVisualStudioVersion = 10.0.40219.1
Project("{9A19103F-16F7-4668-BE54-9A1E7A4F7556}") = "MathThinking", "MathThinking\MathThinking.csproj", "{1729D078-0A74-48B9-B25C-1650B49641EA}"
EndProject
Project("{9A19103F-16F7-4668-BE54-9A1E7A4F7556}") = "Task1", "Task1\Task1.csproj", "{36DF5CAE-2A80-4D9E-8F0A-46559BCFCF71}"
EndProject
Project("{9A19103F-16F7-4668-BE54-9A1E7A4F7556}") = "Task2", "Task2\Task2.csproj", "{8C9942BE-6588-4D24-A1F4-7EC64ADA2E92}"
EndProject
Project("{9A19103F-16F7-4668-BE54-9A1E7A4F7556}") = "Task3", "Task3\Task3.csproj", "{C196F919-1D36-46CF-A501-932D37DF09C8}"
EndProject
Project("{9A19103F-16F7-4668-BE54-9A1E7A4F7556}") = "Benchmark", "Benchmark\Benchmark.csproj", "{4ADCEE74-2941-4CE8-9347-A91A08ED5717}"
EndProject
Project("{9A19103F-16F7-4668-BE54-9A1E7A4F7556}") = "Task4", "Task4\Task4.csproj", "{3E2395DB-454F-454F-A83E-04C763D31380}"
EndProject
Project("{2150E333-8FDC-42A3-9474-1A3956D46DE8}") = "Task5", "Task5", "{E6BF92CE-B274-4A2D-9418-F43288716465}"
EndProject
Project("{2150E333-8FDC-42A3-9474-1A3956D46DE8}") = "Task1", "Task1", "{8520A798-28BD-4E9E-9909-AFA93F12967D}"
EndProject
Project("{2150E333-8FDC-42A3-9474-1A3956D46DE8}") = "Task2", "Task2", "{F52857F1-D37E-4865-A776-8EC267CA6662}"
EndProject
Project("{2150E333-8FDC-42A3-9474-1A3956D46DE8}") = "Task3", "Task3", "{83C49B59-5077-4A23-B889-32001713FED3}"
EndProject
Project("{2150E333-8FDC-42A3-9474-1A3956D46DE8}") = "Task4", "Task4", "{9D0CD4CC-DC0A-4512-BEDD-813702E7A090}"
EndProject
Project("{9A19103F-16F7-4668-BE54-9A1E7A4F7556}") = "Task5", "Task5\Solver\Task5.csproj", "{F290BB95-5CEB-462B-8648-7F7686B28048}"
EndProject
Project("{9A19103F-16F7-4668-BE54-9A1E7A4F7556}") = "Tesk6.Tests", "Task5\Tesk5.Tests\Tesk6.Tests.csproj", "{06364492-58F4-4CE3-B6AA-6DCE79DCD43B}"
EndProject
Project("{9A19103F-16F7-4668-BE54-9A1E7A4F7556}") = "Models", "Task5\Models\Models.csproj", "{554F44FE-945F-47FE-8973-C768899E8BD2}"
EndProject
Global
	GlobalSection(SolutionConfigurationPlatforms) = preSolution
		Debug|Any CPU = Debug|Any CPU
		Release|Any CPU = Release|Any CPU
	EndGlobalSection
	GlobalSection(ProjectConfigurationPlatforms) = postSolution
		{1729D078-0A74-48B9-B25C-1650B49641EA}.Debug|Any CPU.ActiveCfg = Debug|Any CPU
		{1729D078-0A74-48B9-B25C-1650B49641EA}.Debug|Any CPU.Build.0 = Debug|Any CPU
		{1729D078-0A74-48B9-B25C-1650B49641EA}.Release|Any CPU.ActiveCfg = Release|Any CPU
		{1729D078-0A74-48B9-B25C-1650B49641EA}.Release|Any CPU.Build.0 = Release|Any CPU
		{36DF5CAE-2A80-4D9E-8F0A-46559BCFCF71}.Debug|Any CPU.ActiveCfg = Debug|Any CPU
		{36DF5CAE-2A80-4D9E-8F0A-46559BCFCF71}.Debug|Any CPU.Build.0 = Debug|Any CPU
		{36DF5CAE-2A80-4D9E-8F0A-46559BCFCF71}.Release|Any CPU.ActiveCfg = Release|Any CPU
		{36DF5CAE-2A80-4D9E-8F0A-46559BCFCF71}.Release|Any CPU.Build.0 = Release|Any CPU
		{8C9942BE-6588-4D24-A1F4-7EC64ADA2E92}.Debug|Any CPU.ActiveCfg = Debug|Any CPU
		{8C9942BE-6588-4D24-A1F4-7EC64ADA2E92}.Debug|Any CPU.Build.0 = Debug|Any CPU
		{8C9942BE-6588-4D24-A1F4-7EC64ADA2E92}.Release|Any CPU.ActiveCfg = Release|Any CPU
		{8C9942BE-6588-4D24-A1F4-7EC64ADA2E92}.Release|Any CPU.Build.0 = Release|Any CPU
		{C196F919-1D36-46CF-A501-932D37DF09C8}.Debug|Any CPU.ActiveCfg = Debug|Any CPU
		{C196F919-1D36-46CF-A501-932D37DF09C8}.Debug|Any CPU.Build.0 = Debug|Any CPU
		{C196F919-1D36-46CF-A501-932D37DF09C8}.Release|Any CPU.ActiveCfg = Release|Any CPU
		{C196F919-1D36-46CF-A501-932D37DF09C8}.Release|Any CPU.Build.0 = Release|Any CPU
		{4ADCEE74-2941-4CE8-9347-A91A08ED5717}.Debug|Any CPU.ActiveCfg = Debug|Any CPU
		{4ADCEE74-2941-4CE8-9347-A91A08ED5717}.Debug|Any CPU.Build.0 = Debug|Any CPU
		{4ADCEE74-2941-4CE8-9347-A91A08ED5717}.Release|Any CPU.ActiveCfg = Release|Any CPU
		{4ADCEE74-2941-4CE8-9347-A91A08ED5717}.Release|Any CPU.Build.0 = Release|Any CPU
		{3E2395DB-454F-454F-A83E-04C763D31380}.Debug|Any CPU.ActiveCfg = Debug|Any CPU
		{3E2395DB-454F-454F-A83E-04C763D31380}.Debug|Any CPU.Build.0 = Debug|Any CPU
		{3E2395DB-454F-454F-A83E-04C763D31380}.Release|Any CPU.ActiveCfg = Release|Any CPU
		{3E2395DB-454F-454F-A83E-04C763D31380}.Release|Any CPU.Build.0 = Release|Any CPU
		{F290BB95-5CEB-462B-8648-7F7686B28048}.Debug|Any CPU.ActiveCfg = Debug|Any CPU
		{F290BB95-5CEB-462B-8648-7F7686B28048}.Debug|Any CPU.Build.0 = Debug|Any CPU
		{F290BB95-5CEB-462B-8648-7F7686B28048}.Release|Any CPU.ActiveCfg = Release|Any CPU
		{F290BB95-5CEB-462B-8648-7F7686B28048}.Release|Any CPU.Build.0 = Release|Any CPU
		{06364492-58F4-4CE3-B6AA-6DCE79DCD43B}.Debug|Any CPU.ActiveCfg = Debug|Any CPU
		{06364492-58F4-4CE3-B6AA-6DCE79DCD43B}.Debug|Any CPU.Build.0 = Debug|Any CPU
		{06364492-58F4-4CE3-B6AA-6DCE79DCD43B}.Release|Any CPU.ActiveCfg = Release|Any CPU
		{06364492-58F4-4CE3-B6AA-6DCE79DCD43B}.Release|Any CPU.Build.0 = Release|Any CPU
		{554F44FE-945F-47FE-8973-C768899E8BD2}.Debug|Any CPU.ActiveCfg = Debug|Any CPU
		{554F44FE-945F-47FE-8973-C768899E8BD2}.Debug|Any CPU.Build.0 = Debug|Any CPU
		{554F44FE-945F-47FE-8973-C768899E8BD2}.Release|Any CPU.ActiveCfg = Release|Any CPU
		{554F44FE-945F-47FE-8973-C768899E8BD2}.Release|Any CPU.Build.0 = Release|Any CPU
	EndGlobalSection
	GlobalSection(SolutionProperties) = preSolution
		HideSolutionNode = FALSE
	EndGlobalSection
	GlobalSection(NestedProjects) = preSolution
		{36DF5CAE-2A80-4D9E-8F0A-46559BCFCF71} = {8520A798-28BD-4E9E-9909-AFA93F12967D}
		{8C9942BE-6588-4D24-A1F4-7EC64ADA2E92} = {F52857F1-D37E-4865-A776-8EC267CA6662}
		{C196F919-1D36-46CF-A501-932D37DF09C8} = {83C49B59-5077-4A23-B889-32001713FED3}
		{3E2395DB-454F-454F-A83E-04C763D31380} = {9D0CD4CC-DC0A-4512-BEDD-813702E7A090}
		{F290BB95-5CEB-462B-8648-7F7686B28048} = {E6BF92CE-B274-4A2D-9418-F43288716465}
		{06364492-58F4-4CE3-B6AA-6DCE79DCD43B} = {E6BF92CE-B274-4A2D-9418-F43288716465}
		{554F44FE-945F-47FE-8973-C768899E8BD2} = {E6BF92CE-B274-4A2D-9418-F43288716465}
	EndGlobalSection
	GlobalSection(ExtensibilityGlobals) = postSolution
		SolutionGuid = {C20DFEA0-711B-48CC-8EFC-106981DF29A9}
	EndGlobalSection
EndGlobal
